
Microsoft Visual Studio Solution File, Format Version 12.00
# Visual Studio 14
VisualStudioVersion = 14.0.25420.1
MinimumVisualStudioVersion = 10.0.40219.1
Project("{2150E333-8FDC-42A3-9474-1A3956D46DE8}") = "Project", "Project", "{E90A0A5E-740D-49B4-97C2-88A3495450E1}"
EndProject
Project("{2150E333-8FDC-42A3-9474-1A3956D46DE8}") = "Foundation", "Foundation", "{21FC7652-8524-4719-910C-1B7AE22019BF}"
EndProject
Project("{2150E333-8FDC-42A3-9474-1A3956D46DE8}") = "Feature", "Feature", "{081DCB89-75EA-481F-BE22-3F4B640F21E0}"
EndProject
Project("{2150E333-8FDC-42A3-9474-1A3956D46DE8}") = "Configuration", "Configuration", "{F1A7CF4A-7FEA-4545-805B-73AC9DF7B976}"
EndProject
Project("{FAE04EC0-301F-11D3-BF4B-00C04F79EFBC}") = "XA.Reference.Project.Playground", "src\Project\Playground\code\XA.Reference.Project.Playground.csproj", "{BB935824-0A1C-4F29-A656-0F9EA85C419E}"
EndProject
Project("{FAE04EC0-301F-11D3-BF4B-00C04F79EFBC}") = "XA.Reference.Foundation.Serialization", "src\Foundation\Serialization\code\XA.Reference.Foundation.Serialization.csproj", "{58999F11-DC76-4F3A-A81C-091EFCC465C7}"
EndProject
Project("{2150E333-8FDC-42A3-9474-1A3956D46DE8}") = "Git", "Git", "{0C4E56EC-B96B-4A3F-9421-0D6F74B9B4A1}"
	ProjectSection(SolutionItems) = preProject
		.gitignore = .gitignore
		README.md = README.md
	EndProjectSection
EndProject
Project("{2150E333-8FDC-42A3-9474-1A3956D46DE8}") = "Environment specific", "Environment specific", "{EC1F4471-89E1-4552-B5FC-44A6D9540340}"
	ProjectSection(SolutionItems) = preProject
		publishsettings.targets = publishsettings.targets
		zzz.Sxa.Reference.config = zzz.Sxa.Reference.config
	EndProjectSection
EndProject
Project("{2150E333-8FDC-42A3-9474-1A3956D46DE8}") = "example", "example", "{CB3ABEE7-F22F-4E71-B9D8-75A094499DBA}"
	ProjectSection(SolutionItems) = preProject
		publishsettings.targets.example = publishsettings.targets.example
		zzz.Sxa.Reference.config.example = zzz.Sxa.Reference.config.example
	EndProjectSection
EndProject
Project("{2150E333-8FDC-42A3-9474-1A3956D46DE8}") = "Build", "Build", "{BC8E23EB-F2C4-4F0A-951A-890F19B9058D}"
	ProjectSection(SolutionItems) = preProject
		publish.ps1 = publish.ps1
	EndProjectSection
EndProject
Project("{FAE04EC0-301F-11D3-BF4B-00C04F79EFBC}") = "XA.Reference.Project.Common", "src\Project\Common\code\XA.Reference.Project.Common.csproj", "{38C14C4E-5556-49E6-8BB7-8BDD8B874F1E}"
EndProject
Project("{FAE04EC0-301F-11D3-BF4B-00C04F79EFBC}") = "XA.Reference.Feature.Packaging", "src\Feature\Packaging\code\XA.Reference.Feature.Packaging.csproj", "{BB935824-1A1C-4F29-A656-0F9EA85C419E}"
EndProject
Project("{2150E333-8FDC-42A3-9474-1A3956D46DE8}") = "Package", "Package", "{1470FE90-1B8D-48EA-8F91-756E788BAC2D}"
	ProjectSection(SolutionItems) = preProject
		Movies.xml = Movies.xml
		XA Reference.xml = XA Reference.xml
	EndProjectSection
EndProject
Global
	GlobalSection(SolutionConfigurationPlatforms) = preSolution
		Debug|Any CPU = Debug|Any CPU
		Release|Any CPU = Release|Any CPU
	EndGlobalSection
	GlobalSection(ProjectConfigurationPlatforms) = postSolution
		{BB935824-0A1C-4F29-A656-0F9EA85C419E}.Debug|Any CPU.ActiveCfg = Debug|Any CPU
		{BB935824-0A1C-4F29-A656-0F9EA85C419E}.Debug|Any CPU.Build.0 = Debug|Any CPU
		{BB935824-0A1C-4F29-A656-0F9EA85C419E}.Release|Any CPU.ActiveCfg = Release|Any CPU
		{BB935824-0A1C-4F29-A656-0F9EA85C419E}.Release|Any CPU.Build.0 = Release|Any CPU
		{58999F11-DC76-4F3A-A81C-091EFCC465C7}.Debug|Any CPU.ActiveCfg = Debug|Any CPU
		{58999F11-DC76-4F3A-A81C-091EFCC465C7}.Debug|Any CPU.Build.0 = Debug|Any CPU
		{58999F11-DC76-4F3A-A81C-091EFCC465C7}.Release|Any CPU.ActiveCfg = Release|Any CPU
		{58999F11-DC76-4F3A-A81C-091EFCC465C7}.Release|Any CPU.Build.0 = Release|Any CPU
		{38C14C4E-5556-49E6-8BB7-8BDD8B874F1E}.Debug|Any CPU.ActiveCfg = Debug|Any CPU
		{38C14C4E-5556-49E6-8BB7-8BDD8B874F1E}.Debug|Any CPU.Build.0 = Debug|Any CPU
		{38C14C4E-5556-49E6-8BB7-8BDD8B874F1E}.Release|Any CPU.ActiveCfg = Release|Any CPU
		{38C14C4E-5556-49E6-8BB7-8BDD8B874F1E}.Release|Any CPU.Build.0 = Release|Any CPU
		{BB935824-1A1C-4F29-A656-0F9EA85C419E}.Debug|Any CPU.ActiveCfg = Debug|Any CPU
		{BB935824-1A1C-4F29-A656-0F9EA85C419E}.Debug|Any CPU.Build.0 = Debug|Any CPU
		{BB935824-1A1C-4F29-A656-0F9EA85C419E}.Release|Any CPU.ActiveCfg = Release|Any CPU
		{BB935824-1A1C-4F29-A656-0F9EA85C419E}.Release|Any CPU.Build.0 = Release|Any CPU
	EndGlobalSection
	GlobalSection(SolutionProperties) = preSolution
		HideSolutionNode = FALSE
	EndGlobalSection
	GlobalSection(NestedProjects) = preSolution
		{BB935824-0A1C-4F29-A656-0F9EA85C419E} = {E90A0A5E-740D-49B4-97C2-88A3495450E1}
		{58999F11-DC76-4F3A-A81C-091EFCC465C7} = {21FC7652-8524-4719-910C-1B7AE22019BF}
		{0C4E56EC-B96B-4A3F-9421-0D6F74B9B4A1} = {F1A7CF4A-7FEA-4545-805B-73AC9DF7B976}
		{EC1F4471-89E1-4552-B5FC-44A6D9540340} = {F1A7CF4A-7FEA-4545-805B-73AC9DF7B976}
		{CB3ABEE7-F22F-4E71-B9D8-75A094499DBA} = {EC1F4471-89E1-4552-B5FC-44A6D9540340}
		{BC8E23EB-F2C4-4F0A-951A-890F19B9058D} = {F1A7CF4A-7FEA-4545-805B-73AC9DF7B976}
		{38C14C4E-5556-49E6-8BB7-8BDD8B874F1E} = {E90A0A5E-740D-49B4-97C2-88A3495450E1}
		{BB935824-1A1C-4F29-A656-0F9EA85C419E} = {081DCB89-75EA-481F-BE22-3F4B640F21E0}
		{1470FE90-1B8D-48EA-8F91-756E788BAC2D} = {F1A7CF4A-7FEA-4545-805B-73AC9DF7B976}
	EndGlobalSection
EndGlobal
